
Microsoft Visual Studio Solution File, Format Version 12.00
# Visual Studio Version 16
VisualStudioVersion = 16.0.29418.71
MinimumVisualStudioVersion = 10.0.40219.1
Project("{9A19103F-16F7-4668-BE54-9A1E7A4F7556}") = "DesignPatterns", "DesignPatterns\DesignPatterns.csproj", "{DC52F0B6-A272-4304-A7D7-3E13D9D8E12E}"
EndProject
Project("{9A19103F-16F7-4668-BE54-9A1E7A4F7556}") = "StatePatternDemo", "StatePatternDemo\StatePatternDemo.csproj", "{04F02792-9A6F-46C1-B3A7-B44B22B56474}"
EndProject
Project("{9A19103F-16F7-4668-BE54-9A1E7A4F7556}") = "VisitorPatternDemo", "VisitorPatternDemo\VisitorPatternDemo.csproj", "{C35D147D-9F85-457D-A460-79B1CEC8AC04}"
EndProject
Project("{FAE04EC0-301F-11D3-BF4B-00C04F79EFBC}") = "TemplatePatternDemo", "TemplatePatternDemo\TemplatePatternDemo.csproj", "{491D68EC-A478-4A50-88E4-D54FFDF567EF}"
EndProject
Global
	GlobalSection(SolutionConfigurationPlatforms) = preSolution
		Debug|Any CPU = Debug|Any CPU
		Release|Any CPU = Release|Any CPU
	EndGlobalSection
	GlobalSection(ProjectConfigurationPlatforms) = postSolution
		{DC52F0B6-A272-4304-A7D7-3E13D9D8E12E}.Debug|Any CPU.ActiveCfg = Debug|Any CPU
		{DC52F0B6-A272-4304-A7D7-3E13D9D8E12E}.Debug|Any CPU.Build.0 = Debug|Any CPU
		{DC52F0B6-A272-4304-A7D7-3E13D9D8E12E}.Release|Any CPU.ActiveCfg = Release|Any CPU
		{DC52F0B6-A272-4304-A7D7-3E13D9D8E12E}.Release|Any CPU.Build.0 = Release|Any CPU
		{04F02792-9A6F-46C1-B3A7-B44B22B56474}.Debug|Any CPU.ActiveCfg = Debug|Any CPU
		{04F02792-9A6F-46C1-B3A7-B44B22B56474}.Debug|Any CPU.Build.0 = Debug|Any CPU
		{04F02792-9A6F-46C1-B3A7-B44B22B56474}.Release|Any CPU.ActiveCfg = Release|Any CPU
		{04F02792-9A6F-46C1-B3A7-B44B22B56474}.Release|Any CPU.Build.0 = Release|Any CPU
		{C35D147D-9F85-457D-A460-79B1CEC8AC04}.Debug|Any CPU.ActiveCfg = Debug|Any CPU
		{C35D147D-9F85-457D-A460-79B1CEC8AC04}.Debug|Any CPU.Build.0 = Debug|Any CPU
		{C35D147D-9F85-457D-A460-79B1CEC8AC04}.Release|Any CPU.ActiveCfg = Release|Any CPU
		{C35D147D-9F85-457D-A460-79B1CEC8AC04}.Release|Any CPU.Build.0 = Release|Any CPU
		{491D68EC-A478-4A50-88E4-D54FFDF567EF}.Debug|Any CPU.ActiveCfg = Debug|Any CPU
		{491D68EC-A478-4A50-88E4-D54FFDF567EF}.Debug|Any CPU.Build.0 = Debug|Any CPU
		{491D68EC-A478-4A50-88E4-D54FFDF567EF}.Release|Any CPU.ActiveCfg = Release|Any CPU
		{491D68EC-A478-4A50-88E4-D54FFDF567EF}.Release|Any CPU.Build.0 = Release|Any CPU
	EndGlobalSection
	GlobalSection(SolutionProperties) = preSolution
		HideSolutionNode = FALSE
	EndGlobalSection
	GlobalSection(ExtensibilityGlobals) = postSolution
		SolutionGuid = {8EB80102-E83D-4EB1-B6D4-4DF4E91FEEDD}
	EndGlobalSection
EndGlobal
